
Microsoft Visual Studio Solution File, Format Version 12.00
# Visual Studio Version 16
VisualStudioVersion = 16.0.30330.147
MinimumVisualStudioVersion = 10.0.40219.1
Project("{8BC9CEB8-8B4A-11D0-8D11-00A0C91BC942}") = "Coding_Challenge_Sindre_Rosenlind_26_09_2020", "Coding_Challenge_Sindre_Rosenlind_26_09_2020\Coding_Challenge_Sindre_Rosenlind_26_09_2020.vcxproj", "{8DAC1C1E-7972-457F-B33E-99D9E1ADB5C3}"
EndProject
Global
	GlobalSection(SolutionConfigurationPlatforms) = preSolution
		Debug|x64 = Debug|x64
		Debug|x86 = Debug|x86
		Release|x64 = Release|x64
		Release|x86 = Release|x86
	EndGlobalSection
	GlobalSection(ProjectConfigurationPlatforms) = postSolution
		{8DAC1C1E-7972-457F-B33E-99D9E1ADB5C3}.Debug|x64.ActiveCfg = Debug|x64
		{8DAC1C1E-7972-457F-B33E-99D9E1ADB5C3}.Debug|x64.Build.0 = Debug|x64
		{8DAC1C1E-7972-457F-B33E-99D9E1ADB5C3}.Debug|x86.ActiveCfg = Debug|Win32
		{8DAC1C1E-7972-457F-B33E-99D9E1ADB5C3}.Debug|x86.Build.0 = Debug|Win32
		{8DAC1C1E-7972-457F-B33E-99D9E1ADB5C3}.Release|x64.ActiveCfg = Release|x64
		{8DAC1C1E-7972-457F-B33E-99D9E1ADB5C3}.Release|x64.Build.0 = Release|x64
		{8DAC1C1E-7972-457F-B33E-99D9E1ADB5C3}.Release|x86.ActiveCfg = Release|Win32
		{8DAC1C1E-7972-457F-B33E-99D9E1ADB5C3}.Release|x86.Build.0 = Release|Win32
	EndGlobalSection
	GlobalSection(SolutionProperties) = preSolution
		HideSolutionNode = FALSE
	EndGlobalSection
	GlobalSection(ExtensibilityGlobals) = postSolution
		SolutionGuid = {79AC4B22-DD34-4C83-8A55-51967EFB3E91}
	EndGlobalSection
EndGlobal
